// !$*UTF8*$!
{
	archiveVersion = 1;
	classes = {
	};
	objectVersion = 55;
	objects = {

/* Begin PBXBuildFile section */
		A8817D3A2873156400805774 /* AppDelegate.swift in Sources */ = {isa = PBXBuildFile; fileRef = A8817D392873156400805774 /* AppDelegate.swift */; };
		A8817D3C2873156400805774 /* SceneDelegate.swift in Sources */ = {isa = PBXBuildFile; fileRef = A8817D3B2873156400805774 /* SceneDelegate.swift */; };
		A8817D3E2873156400805774 /* ViewController.swift in Sources */ = {isa = PBXBuildFile; fileRef = A8817D3D2873156400805774 /* ViewController.swift */; };
		A8817D412873156400805774 /* Main.storyboard in Resources */ = {isa = PBXBuildFile; fileRef = A8817D3F2873156400805774 /* Main.storyboard */; };
		A8817D432873156600805774 /* Assets.xcassets in Resources */ = {isa = PBXBuildFile; fileRef = A8817D422873156600805774 /* Assets.xcassets */; };
		A8817D462873156600805774 /* LaunchScreen.storyboard in Resources */ = {isa = PBXBuildFile; fileRef = A8817D442873156600805774 /* LaunchScreen.storyboard */; };
		A8817D502873174200805774 /* CustomCollectionViewCell.swift in Sources */ = {isa = PBXBuildFile; fileRef = A8817D4F2873174200805774 /* CustomCollectionViewCell.swift */; };
		A8817D5228732AB700805774 /* UserDefaultsManager.swift in Sources */ = {isa = PBXBuildFile; fileRef = A8817D5128732AB700805774 /* UserDefaultsManager.swift */; };
		A8817D542873492200805774 /* Extension+UIImageView.swift in Sources */ = {isa = PBXBuildFile; fileRef = A8817D532873492200805774 /* Extension+UIImageView.swift */; };
		A892D721287455CF0022573D /* CustomTableViewCell.swift in Sources */ = {isa = PBXBuildFile; fileRef = A892D720287455CF0022573D /* CustomTableViewCell.swift */; };
		A892D72328746A320022573D /* SheetViewController.swift in Sources */ = {isa = PBXBuildFile; fileRef = A892D72228746A320022573D /* SheetViewController.swift */; };
		A8FC9C7828741EA300EAE347 /* Model.swift in Sources */ = {isa = PBXBuildFile; fileRef = A8FC9C7728741EA300EAE347 /* Model.swift */; };
		A8FC9C7A28744AE900EAE347 /* DetailsPDFVC.swift in Sources */ = {isa = PBXBuildFile; fileRef = A8FC9C7928744AE900EAE347 /* DetailsPDFVC.swift */; };
/* End PBXBuildFile section */

/* Begin PBXFileReference section */
		A8817D362873156400805774 /* DeftPDF.app */ = {isa = PBXFileReference; explicitFileType = wrapper.application; includeInIndex = 0; path = DeftPDF.app; sourceTree = BUILT_PRODUCTS_DIR; };
		A8817D392873156400805774 /* AppDelegate.swift */ = {isa = PBXFileReference; lastKnownFileType = sourcecode.swift; path = AppDelegate.swift; sourceTree = "<group>"; };
		A8817D3B2873156400805774 /* SceneDelegate.swift */ = {isa = PBXFileReference; lastKnownFileType = sourcecode.swift; path = SceneDelegate.swift; sourceTree = "<group>"; };
		A8817D3D2873156400805774 /* ViewController.swift */ = {isa = PBXFileReference; lastKnownFileType = sourcecode.swift; path = ViewController.swift; sourceTree = "<group>"; };
		A8817D402873156400805774 /* Base */ = {isa = PBXFileReference; lastKnownFileType = file.storyboard; name = Base; path = Base.lproj/Main.storyboard; sourceTree = "<group>"; };
		A8817D422873156600805774 /* Assets.xcassets */ = {isa = PBXFileReference; lastKnownFileType = folder.assetcatalog; path = Assets.xcassets; sourceTree = "<group>"; };
		A8817D452873156600805774 /* Base */ = {isa = PBXFileReference; lastKnownFileType = file.storyboard; name = Base; path = Base.lproj/LaunchScreen.storyboard; sourceTree = "<group>"; };
		A8817D472873156600805774 /* Info.plist */ = {isa = PBXFileReference; lastKnownFileType = text.plist.xml; path = Info.plist; sourceTree = "<group>"; };
		A8817D4F2873174200805774 /* CustomCollectionViewCell.swift */ = {isa = PBXFileReference; lastKnownFileType = sourcecode.swift; path = CustomCollectionViewCell.swift; sourceTree = "<group>"; };
		A8817D5128732AB700805774 /* UserDefaultsManager.swift */ = {isa = PBXFileReference; lastKnownFileType = sourcecode.swift; path = UserDefaultsManager.swift; sourceTree = "<group>"; };
		A8817D532873492200805774 /* Extension+UIImageView.swift */ = {isa = PBXFileReference; lastKnownFileType = sourcecode.swift; path = "Extension+UIImageView.swift"; sourceTree = "<group>"; };
		A892D720287455CF0022573D /* CustomTableViewCell.swift */ = {isa = PBXFileReference; lastKnownFileType = sourcecode.swift; path = CustomTableViewCell.swift; sourceTree = "<group>"; };
		A892D72228746A320022573D /* SheetViewController.swift */ = {isa = PBXFileReference; lastKnownFileType = sourcecode.swift; path = SheetViewController.swift; sourceTree = "<group>"; };
		A8FC9C7728741EA300EAE347 /* Model.swift */ = {isa = PBXFileReference; lastKnownFileType = sourcecode.swift; path = Model.swift; sourceTree = "<group>"; };
		A8FC9C7928744AE900EAE347 /* DetailsPDFVC.swift */ = {isa = PBXFileReference; lastKnownFileType = sourcecode.swift; path = DetailsPDFVC.swift; sourceTree = "<group>"; };
/* End PBXFileReference section */

/* Begin PBXFrameworksBuildPhase section */
		A8817D332873156400805774 /* Frameworks */ = {
			isa = PBXFrameworksBuildPhase;
			buildActionMask = 2147483647;
			files = (
			);
			runOnlyForDeploymentPostprocessing = 0;
		};
/* End PBXFrameworksBuildPhase section */

/* Begin PBXGroup section */
		A8817D2D2873156400805774 = {
			isa = PBXGroup;
			children = (
				A8817D382873156400805774 /* DeftPDF */,
				A8817D372873156400805774 /* Products */,
			);
			sourceTree = "<group>";
		};
		A8817D372873156400805774 /* Products */ = {
			isa = PBXGroup;
			children = (
				A8817D362873156400805774 /* DeftPDF.app */,
			);
			name = Products;
			sourceTree = "<group>";
		};
		A8817D382873156400805774 /* DeftPDF */ = {
			isa = PBXGroup;
			children = (
				A892D728287478F70022573D /* Model */,
				A892D725287478AF0022573D /* Controllers */,
				A892D726287478C90022573D /* Cells */,
				A892D727287478DB0022573D /* Managers */,
				A892D724287478A10022573D /* Extensions */,
				A892D729287479080022573D /* AppDelegate */,
				A8817D3F2873156400805774 /* Main.storyboard */,
				A8817D422873156600805774 /* Assets.xcassets */,
				A8817D442873156600805774 /* LaunchScreen.storyboard */,
				A8817D472873156600805774 /* Info.plist */,
			);
			path = DeftPDF;
			sourceTree = "<group>";
		};
		A892D724287478A10022573D /* Extensions */ = {
			isa = PBXGroup;
			children = (
				A8817D532873492200805774 /* Extension+UIImageView.swift */,
			);
			path = Extensions;
			sourceTree = "<group>";
		};
		A892D725287478AF0022573D /* Controllers */ = {
			isa = PBXGroup;
			children = (
				A8817D3D2873156400805774 /* ViewController.swift */,
				A892D72228746A320022573D /* SheetViewController.swift */,
				A8FC9C7928744AE900EAE347 /* DetailsPDFVC.swift */,
			);
			path = Controllers;
			sourceTree = "<group>";
		};
		A892D726287478C90022573D /* Cells */ = {
			isa = PBXGroup;
			children = (
				A8817D4F2873174200805774 /* CustomCollectionViewCell.swift */,
				A892D720287455CF0022573D /* CustomTableViewCell.swift */,
			);
			path = Cells;
			sourceTree = "<group>";
		};
		A892D727287478DB0022573D /* Managers */ = {
			isa = PBXGroup;
			children = (
				A8817D5128732AB700805774 /* UserDefaultsManager.swift */,
			);
			path = Managers;
			sourceTree = "<group>";
		};
		A892D728287478F70022573D /* Model */ = {
			isa = PBXGroup;
			children = (
				A8FC9C7728741EA300EAE347 /* Model.swift */,
			);
			path = Model;
			sourceTree = "<group>";
		};
		A892D729287479080022573D /* AppDelegate */ = {
			isa = PBXGroup;
			children = (
				A8817D392873156400805774 /* AppDelegate.swift */,
				A8817D3B2873156400805774 /* SceneDelegate.swift */,
			);
			path = AppDelegate;
			sourceTree = "<group>";
		};
/* End PBXGroup section */

/* Begin PBXNativeTarget section */
		A8817D352873156400805774 /* DeftPDF */ = {
			isa = PBXNativeTarget;
			buildConfigurationList = A8817D4A2873156600805774 /* Build configuration list for PBXNativeTarget "DeftPDF" */;
			buildPhases = (
				A8817D322873156400805774 /* Sources */,
				A8817D332873156400805774 /* Frameworks */,
				A8817D342873156400805774 /* Resources */,
			);
			buildRules = (
			);
			dependencies = (
			);
			name = DeftPDF;
			productName = DeftPDF;
			productReference = A8817D362873156400805774 /* DeftPDF.app */;
			productType = "com.apple.product-type.application";
		};
/* End PBXNativeTarget section */

/* Begin PBXProject section */
		A8817D2E2873156400805774 /* Project object */ = {
			isa = PBXProject;
			attributes = {
				BuildIndependentTargetsInParallel = 1;
				LastSwiftUpdateCheck = 1340;
				LastUpgradeCheck = 1340;
				TargetAttributes = {
					A8817D352873156400805774 = {
						CreatedOnToolsVersion = 13.4.1;
					};
				};
			};
			buildConfigurationList = A8817D312873156400805774 /* Build configuration list for PBXProject "DeftPDF" */;
			compatibilityVersion = "Xcode 13.0";
			developmentRegion = en;
			hasScannedForEncodings = 0;
			knownRegions = (
				en,
				Base,
			);
			mainGroup = A8817D2D2873156400805774;
			productRefGroup = A8817D372873156400805774 /* Products */;
			projectDirPath = "";
			projectRoot = "";
			targets = (
				A8817D352873156400805774 /* DeftPDF */,
			);
		};
/* End PBXProject section */

/* Begin PBXResourcesBuildPhase section */
		A8817D342873156400805774 /* Resources */ = {
			isa = PBXResourcesBuildPhase;
			buildActionMask = 2147483647;
			files = (
				A8817D462873156600805774 /* LaunchScreen.storyboard in Resources */,
				A8817D432873156600805774 /* Assets.xcassets in Resources */,
				A8817D412873156400805774 /* Main.storyboard in Resources */,
			);
			runOnlyForDeploymentPostprocessing = 0;
		};
/* End PBXResourcesBuildPhase section */

/* Begin PBXSourcesBuildPhase section */
		A8817D322873156400805774 /* Sources */ = {
			isa = PBXSourcesBuildPhase;
			buildActionMask = 2147483647;
			files = (
				A8817D3E2873156400805774 /* ViewController.swift in Sources */,
				A8817D542873492200805774 /* Extension+UIImageView.swift in Sources */,
				A892D72328746A320022573D /* SheetViewController.swift in Sources */,
				A8817D502873174200805774 /* CustomCollectionViewCell.swift in Sources */,
				A8817D5228732AB700805774 /* UserDefaultsManager.swift in Sources */,
				A8817D3A2873156400805774 /* AppDelegate.swift in Sources */,
				A8817D3C2873156400805774 /* SceneDelegate.swift in Sources */,
				A892D721287455CF0022573D /* CustomTableViewCell.swift in Sources */,
				A8FC9C7A28744AE900EAE347 /* DetailsPDFVC.swift in Sources */,
				A8FC9C7828741EA300EAE347 /* Model.swift in Sources */,
			);
			runOnlyForDeploymentPostprocessing = 0;
		};
/* End PBXSourcesBuildPhase section */

/* Begin PBXVariantGroup section */
		A8817D3F2873156400805774 /* Main.storyboard */ = {
			isa = PBXVariantGroup;
			children = (
				A8817D402873156400805774 /* Base */,
			);
			name = Main.storyboard;
			sourceTree = "<group>";
		};
		A8817D442873156600805774 /* LaunchScreen.storyboard */ = {
			isa = PBXVariantGroup;
			children = (
				A8817D452873156600805774 /* Base */,
			);
			name = LaunchScreen.storyboard;
			sourceTree = "<group>";
		};
/* End PBXVariantGroup section */

/* Begin XCBuildConfiguration section */
		A8817D482873156600805774 /* Debug */ = {
			isa = XCBuildConfiguration;
			buildSettings = {
				ALWAYS_SEARCH_USER_PATHS = NO;
				CLANG_ANALYZER_NONNULL = YES;
				CLANG_ANALYZER_NUMBER_OBJECT_CONVERSION = YES_AGGRESSIVE;
				CLANG_CXX_LANGUAGE_STANDARD = "gnu++17";
				CLANG_ENABLE_MODULES = YES;
				CLANG_ENABLE_OBJC_ARC = YES;
				CLANG_ENABLE_OBJC_WEAK = YES;
				CLANG_WARN_BLOCK_CAPTURE_AUTORELEASING = YES;
				CLANG_WARN_BOOL_CONVERSION = YES;
				CLANG_WARN_COMMA = YES;
				CLANG_WARN_CONSTANT_CONVERSION = YES;
				CLANG_WARN_DEPRECATED_OBJC_IMPLEMENTATIONS = YES;
				CLANG_WARN_DIRECT_OBJC_ISA_USAGE = YES_ERROR;
				CLANG_WARN_DOCUMENTATION_COMMENTS = YES;
				CLANG_WARN_EMPTY_BODY = YES;
				CLANG_WARN_ENUM_CONVERSION = YES;
				CLANG_WARN_INFINITE_RECURSION = YES;
				CLANG_WARN_INT_CONVERSION = YES;
				CLANG_WARN_NON_LITERAL_NULL_CONVERSION = YES;
				CLANG_WARN_OBJC_IMPLICIT_RETAIN_SELF = YES;
				CLANG_WARN_OBJC_LITERAL_CONVERSION = YES;
				CLANG_WARN_OBJC_ROOT_CLASS = YES_ERROR;
				CLANG_WARN_QUOTED_INCLUDE_IN_FRAMEWORK_HEADER = YES;
				CLANG_WARN_RANGE_LOOP_ANALYSIS = YES;
				CLANG_WARN_STRICT_PROTOTYPES = YES;
				CLANG_WARN_SUSPICIOUS_MOVE = YES;
				CLANG_WARN_UNGUARDED_AVAILABILITY = YES_AGGRESSIVE;
				CLANG_WARN_UNREACHABLE_CODE = YES;
				CLANG_WARN__DUPLICATE_METHOD_MATCH = YES;
				COPY_PHASE_STRIP = NO;
				DEBUG_INFORMATION_FORMAT = dwarf;
				ENABLE_STRICT_OBJC_MSGSEND = YES;
				ENABLE_TESTABILITY = YES;
				GCC_C_LANGUAGE_STANDARD = gnu11;
				GCC_DYNAMIC_NO_PIC = NO;
				GCC_NO_COMMON_BLOCKS = YES;
				GCC_OPTIMIZATION_LEVEL = 0;
				GCC_PREPROCESSOR_DEFINITIONS = (
					"DEBUG=1",
					"$(inherited)",
				);
				GCC_WARN_64_TO_32_BIT_CONVERSION = YES;
				GCC_WARN_ABOUT_RETURN_TYPE = YES_ERROR;
				GCC_WARN_UNDECLARED_SELECTOR = YES;
				GCC_WARN_UNINITIALIZED_AUTOS = YES_AGGRESSIVE;
				GCC_WARN_UNUSED_FUNCTION = YES;
				GCC_WARN_UNUSED_VARIABLE = YES;
				IPHONEOS_DEPLOYMENT_TARGET = 15.5;
				MTL_ENABLE_DEBUG_INFO = INCLUDE_SOURCE;
				MTL_FAST_MATH = YES;
				ONLY_ACTIVE_ARCH = YES;
				SDKROOT = iphoneos;
				SWIFT_ACTIVE_COMPILATION_CONDITIONS = DEBUG;
				SWIFT_OPTIMIZATION_LEVEL = "-Onone";
			};
			name = Debug;
		};
		A8817D492873156600805774 /* Release */ = {
			isa = XCBuildConfiguration;
			buildSettings = {
				ALWAYS_SEARCH_USER_PATHS = NO;
				CLANG_ANALYZER_NONNULL = YES;
				CLANG_ANALYZER_NUMBER_OBJECT_CONVERSION = YES_AGGRESSIVE;
				CLANG_CXX_LANGUAGE_STANDARD = "gnu++17";
				CLANG_ENABLE_MODULES = YES;
				CLANG_ENABLE_OBJC_ARC = YES;
				CLANG_ENABLE_OBJC_WEAK = YES;
				CLANG_WARN_BLOCK_CAPTURE_AUTORELEASING = YES;
				CLANG_WARN_BOOL_CONVERSION = YES;
				CLANG_WARN_COMMA = YES;
				CLANG_WARN_CONSTANT_CONVERSION = YES;
				CLANG_WARN_DEPRECATED_OBJC_IMPLEMENTATIONS = YES;
				CLANG_WARN_DIRECT_OBJC_ISA_USAGE = YES_ERROR;
				CLANG_WARN_DOCUMENTATION_COMMENTS = YES;
				CLANG_WARN_EMPTY_BODY = YES;
				CLANG_WARN_ENUM_CONVERSION = YES;
				CLANG_WARN_INFINITE_RECURSION = YES;
				CLANG_WARN_INT_CONVERSION = YES;
				CLANG_WARN_NON_LITERAL_NULL_CONVERSION = YES;
				CLANG_WARN_OBJC_IMPLICIT_RETAIN_SELF = YES;
				CLANG_WARN_OBJC_LITERAL_CONVERSION = YES;
				CLANG_WARN_OBJC_ROOT_CLASS = YES_ERROR;
				CLANG_WARN_QUOTED_INCLUDE_IN_FRAMEWORK_HEADER = YES;
				CLANG_WARN_RANGE_LOOP_ANALYSIS = YES;
				CLANG_WARN_STRICT_PROTOTYPES = YES;
				CLANG_WARN_SUSPICIOUS_MOVE = YES;
				CLANG_WARN_UNGUARDED_AVAILABILITY = YES_AGGRESSIVE;
				CLANG_WARN_UNREACHABLE_CODE = YES;
				CLANG_WARN__DUPLICATE_METHOD_MATCH = YES;
				COPY_PHASE_STRIP = NO;
				DEBUG_INFORMATION_FORMAT = "dwarf-with-dsym";
				ENABLE_NS_ASSERTIONS = NO;
				ENABLE_STRICT_OBJC_MSGSEND = YES;
				GCC_C_LANGUAGE_STANDARD = gnu11;
				GCC_NO_COMMON_BLOCKS = YES;
				GCC_WARN_64_TO_32_BIT_CONVERSION = YES;
				GCC_WARN_ABOUT_RETURN_TYPE = YES_ERROR;
				GCC_WARN_UNDECLARED_SELECTOR = YES;
				GCC_WARN_UNINITIALIZED_AUTOS = YES_AGGRESSIVE;
				GCC_WARN_UNUSED_FUNCTION = YES;
				GCC_WARN_UNUSED_VARIABLE = YES;
				IPHONEOS_DEPLOYMENT_TARGET = 15.5;
				MTL_ENABLE_DEBUG_INFO = NO;
				MTL_FAST_MATH = YES;
				SDKROOT = iphoneos;
				SWIFT_COMPILATION_MODE = wholemodule;
				SWIFT_OPTIMIZATION_LEVEL = "-O";
				VALIDATE_PRODUCT = YES;
			};
			name = Release;
		};
		A8817D4B2873156600805774 /* Debug */ = {
			isa = XCBuildConfiguration;
			buildSettings = {
				ASSETCATALOG_COMPILER_APPICON_NAME = AppIcon;
				ASSETCATALOG_COMPILER_GLOBAL_ACCENT_COLOR_NAME = AccentColor;
				CODE_SIGN_STYLE = Automatic;
				CURRENT_PROJECT_VERSION = 1;
				DEVELOPMENT_TEAM = X5SYDV9Z7U;
				GENERATE_INFOPLIST_FILE = YES;
				INFOPLIST_FILE = DeftPDF/Info.plist;
				INFOPLIST_KEY_UIApplicationSupportsIndirectInputEvents = YES;
				INFOPLIST_KEY_UILaunchStoryboardName = LaunchScreen;
				INFOPLIST_KEY_UIMainStoryboardFile = Main;
				INFOPLIST_KEY_UISupportedInterfaceOrientations_iPad = "UIInterfaceOrientationPortrait UIInterfaceOrientationPortraitUpsideDown UIInterfaceOrientationLandscapeLeft UIInterfaceOrientationLandscapeRight";
				INFOPLIST_KEY_UISupportedInterfaceOrientations_iPhone = "UIInterfaceOrientationPortrait UIInterfaceOrientationLandscapeLeft UIInterfaceOrientationLandscapeRight";
				LD_RUNPATH_SEARCH_PATHS = (
					"$(inherited)",
					"@executable_path/Frameworks",
				);
				MARKETING_VERSION = 1.0;
				PRODUCT_BUNDLE_IDENTIFIER = alex.company.DeftPDF;
				PRODUCT_NAME = "$(TARGET_NAME)";
				SWIFT_EMIT_LOC_STRINGS = YES;
				SWIFT_VERSION = 5.0;
				TARGETED_DEVICE_FAMILY = "1,2";
			};
			name = Debug;
		};
		A8817D4C2873156600805774 /* Release */ = {
			isa = XCBuildConfiguration;
			buildSettings = {
				ASSETCATALOG_COMPILER_APPICON_NAME = AppIcon;
				ASSETCATALOG_COMPILER_GLOBAL_ACCENT_COLOR_NAME = AccentColor;
				CODE_SIGN_STYLE = Automatic;
				CURRENT_PROJECT_VERSION = 1;
				DEVELOPMENT_TEAM = X5SYDV9Z7U;
				GENERATE_INFOPLIST_FILE = YES;
				INFOPLIST_FILE = DeftPDF/Info.plist;
				INFOPLIST_KEY_UIApplicationSupportsIndirectInputEvents = YES;
				INFOPLIST_KEY_UILaunchStoryboardName = LaunchScreen;
				INFOPLIST_KEY_UIMainStoryboardFile = Main;
				INFOPLIST_KEY_UISupportedInterfaceOrientations_iPad = "UIInterfaceOrientationPortrait UIInterfaceOrientationPortraitUpsideDown UIInterfaceOrientationLandscapeLeft UIInterfaceOrientationLandscapeRight";
				INFOPLIST_KEY_UISupportedInterfaceOrientations_iPhone = "UIInterfaceOrientationPortrait UIInterfaceOrientationLandscapeLeft UIInterfaceOrientationLandscapeRight";
				LD_RUNPATH_SEARCH_PATHS = (
					"$(inherited)",
					"@executable_path/Frameworks",
				);
				MARKETING_VERSION = 1.0;
				PRODUCT_BUNDLE_IDENTIFIER = alex.company.DeftPDF;
				PRODUCT_NAME = "$(TARGET_NAME)";
				SWIFT_EMIT_LOC_STRINGS = YES;
				SWIFT_VERSION = 5.0;
				TARGETED_DEVICE_FAMILY = "1,2";
			};
			name = Release;
		};
/* End XCBuildConfiguration section */

/* Begin XCConfigurationList section */
		A8817D312873156400805774 /* Build configuration list for PBXProject "DeftPDF" */ = {
			isa = XCConfigurationList;
			buildConfigurations = (
				A8817D482873156600805774 /* Debug */,
				A8817D492873156600805774 /* Release */,
			);
			defaultConfigurationIsVisible = 0;
			defaultConfigurationName = Release;
		};
		A8817D4A2873156600805774 /* Build configuration list for PBXNativeTarget "DeftPDF" */ = {
			isa = XCConfigurationList;
			buildConfigurations = (
				A8817D4B2873156600805774 /* Debug */,
				A8817D4C2873156600805774 /* Release */,
			);
			defaultConfigurationIsVisible = 0;
			defaultConfigurationName = Release;
		};
/* End XCConfigurationList section */
	};
	rootObject = A8817D2E2873156400805774 /* Project object */;
}
